
Microsoft Visual Studio Solution File, Format Version 12.00
# Visual Studio 14
VisualStudioVersion = 14.0.25420.1
MinimumVisualStudioVersion = 10.0.40219.1
Project("{FAE04EC0-301F-11D3-BF4B-00C04F79EFBC}") = "CasseBrique", "WindowsFormsApplication1\CasseBrique.csproj", "{E5A87B0C-3BC3-4BF3-A36A-5C96A951FE32}"
EndProject
Project("{2150E333-8FDC-42A3-9474-1A3956D46DE8}") = "Solution Items", "Solution Items", "{174842B2-5C94-4A9B-9330-5711B32B6C89}"
	ProjectSection(SolutionItems) = preProject
		Class2.cs = Class2.cs
	EndProjectSection
EndProject
Global
	GlobalSection(SolutionConfigurationPlatforms) = preSolution
		Debug|Any CPU = Debug|Any CPU
		Release|Any CPU = Release|Any CPU
	EndGlobalSection
	GlobalSection(ProjectConfigurationPlatforms) = postSolution
		{E5A87B0C-3BC3-4BF3-A36A-5C96A951FE32}.Debug|Any CPU.ActiveCfg = Debug|Any CPU
		{E5A87B0C-3BC3-4BF3-A36A-5C96A951FE32}.Debug|Any CPU.Build.0 = Debug|Any CPU
		{E5A87B0C-3BC3-4BF3-A36A-5C96A951FE32}.Release|Any CPU.ActiveCfg = Release|Any CPU
		{E5A87B0C-3BC3-4BF3-A36A-5C96A951FE32}.Release|Any CPU.Build.0 = Release|Any CPU
	EndGlobalSection
	GlobalSection(SolutionProperties) = preSolution
		HideSolutionNode = FALSE
	EndGlobalSection
EndGlobal
